// !$*UTF8*$!
{
	archiveVersion = 1;
	classes = {
	};
	objectVersion = 50;
	objects = {

/* Begin PBXBuildFile section */
		6829ED2D26BE17C800CC79CE /* MealCategoryResponse.swift in Sources */ = {isa = PBXBuildFile; fileRef = 6829ED2C26BE17C800CC79CE /* MealCategoryResponse.swift */; };
		6829ED2F26BE196B00CC79CE /* TheMealDbApi.swift in Sources */ = {isa = PBXBuildFile; fileRef = 6829ED2E26BE196B00CC79CE /* TheMealDbApi.swift */; };
		6871E95526799ADA002022BF /* country-array.plist in Resources */ = {isa = PBXBuildFile; fileRef = 6871E95426799ADA002022BF /* country-array.plist */; };
		6871E95726799B5B002022BF /* country-dict List.plist in Resources */ = {isa = PBXBuildFile; fileRef = 6871E95626799B5B002022BF /* country-dict List.plist */; };
		6871E9592679AAA6002022BF /* city-array-dict.plist in Resources */ = {isa = PBXBuildFile; fileRef = 6871E9582679AAA6002022BF /* city-array-dict.plist */; };
		68992FA9267451F900AAB249 /* AppDelegate.swift in Sources */ = {isa = PBXBuildFile; fileRef = 68992FA8267451F900AAB249 /* AppDelegate.swift */; };
		68992FAB267451F900AAB249 /* SceneDelegate.swift in Sources */ = {isa = PBXBuildFile; fileRef = 68992FAA267451F900AAB249 /* SceneDelegate.swift */; };
		68992FAD267451F900AAB249 /* ViewController.swift in Sources */ = {isa = PBXBuildFile; fileRef = 68992FAC267451F900AAB249 /* ViewController.swift */; };
		68992FB0267451F900AAB249 /* Main.storyboard in Resources */ = {isa = PBXBuildFile; fileRef = 68992FAE267451F900AAB249 /* Main.storyboard */; };
		68992FB2267451FA00AAB249 /* Assets.xcassets in Resources */ = {isa = PBXBuildFile; fileRef = 68992FB1267451FA00AAB249 /* Assets.xcassets */; };
		68992FB5267451FA00AAB249 /* LaunchScreen.storyboard in Resources */ = {isa = PBXBuildFile; fileRef = 68992FB3267451FA00AAB249 /* LaunchScreen.storyboard */; };
		68992FBE2674542100AAB249 /* Country.swift in Sources */ = {isa = PBXBuildFile; fileRef = 68992FBD2674542100AAB249 /* Country.swift */; };
		68992FC02674552800AAB249 /* CountryAPI.swift in Sources */ = {isa = PBXBuildFile; fileRef = 68992FBF2674552800AAB249 /* CountryAPI.swift */; };
/* End PBXBuildFile section */

/* Begin PBXFileReference section */
		6829ED2C26BE17C800CC79CE /* MealCategoryResponse.swift */ = {isa = PBXFileReference; lastKnownFileType = sourcecode.swift; path = MealCategoryResponse.swift; sourceTree = "<group>"; };
		6829ED2E26BE196B00CC79CE /* TheMealDbApi.swift */ = {isa = PBXFileReference; lastKnownFileType = sourcecode.swift; path = TheMealDbApi.swift; sourceTree = "<group>"; };
		6871E95426799ADA002022BF /* country-array.plist */ = {isa = PBXFileReference; lastKnownFileType = text.plist.xml; path = "country-array.plist"; sourceTree = "<group>"; };
		6871E95626799B5B002022BF /* country-dict List.plist */ = {isa = PBXFileReference; lastKnownFileType = text.plist.xml; path = "country-dict List.plist"; sourceTree = "<group>"; };
		6871E9582679AAA6002022BF /* city-array-dict.plist */ = {isa = PBXFileReference; lastKnownFileType = text.plist.xml; path = "city-array-dict.plist"; sourceTree = "<group>"; };
		68992FA5267451F900AAB249 /* RESTClientApp.app */ = {isa = PBXFileReference; explicitFileType = wrapper.application; includeInIndex = 0; path = RESTClientApp.app; sourceTree = BUILT_PRODUCTS_DIR; };
		68992FA8267451F900AAB249 /* AppDelegate.swift */ = {isa = PBXFileReference; lastKnownFileType = sourcecode.swift; path = AppDelegate.swift; sourceTree = "<group>"; };
		68992FAA267451F900AAB249 /* SceneDelegate.swift */ = {isa = PBXFileReference; lastKnownFileType = sourcecode.swift; path = SceneDelegate.swift; sourceTree = "<group>"; };
		68992FAC267451F900AAB249 /* ViewController.swift */ = {isa = PBXFileReference; lastKnownFileType = sourcecode.swift; path = ViewController.swift; sourceTree = "<group>"; };
		68992FAF267451F900AAB249 /* Base */ = {isa = PBXFileReference; lastKnownFileType = file.storyboard; name = Base; path = Base.lproj/Main.storyboard; sourceTree = "<group>"; };
		68992FB1267451FA00AAB249 /* Assets.xcassets */ = {isa = PBXFileReference; lastKnownFileType = folder.assetcatalog; path = Assets.xcassets; sourceTree = "<group>"; };
		68992FB4267451FA00AAB249 /* Base */ = {isa = PBXFileReference; lastKnownFileType = file.storyboard; name = Base; path = Base.lproj/LaunchScreen.storyboard; sourceTree = "<group>"; };
		68992FB6267451FA00AAB249 /* Info.plist */ = {isa = PBXFileReference; lastKnownFileType = text.plist.xml; path = Info.plist; sourceTree = "<group>"; };
		68992FBD2674542100AAB249 /* Country.swift */ = {isa = PBXFileReference; lastKnownFileType = sourcecode.swift; path = Country.swift; sourceTree = "<group>"; };
		68992FBF2674552800AAB249 /* CountryAPI.swift */ = {isa = PBXFileReference; lastKnownFileType = sourcecode.swift; path = CountryAPI.swift; sourceTree = "<group>"; };
/* End PBXFileReference section */

/* Begin PBXFrameworksBuildPhase section */
		68992FA2267451F900AAB249 /* Frameworks */ = {
			isa = PBXFrameworksBuildPhase;
			buildActionMask = 2147483647;
			files = (
			);
			runOnlyForDeploymentPostprocessing = 0;
		};
/* End PBXFrameworksBuildPhase section */

/* Begin PBXGroup section */
		68992F9C267451F900AAB249 = {
			isa = PBXGroup;
			children = (
				68992FA7267451F900AAB249 /* RESTClientApp */,
				68992FA6267451F900AAB249 /* Products */,
			);
			sourceTree = "<group>";
		};
		68992FA6267451F900AAB249 /* Products */ = {
			isa = PBXGroup;
			children = (
				68992FA5267451F900AAB249 /* RESTClientApp.app */,
			);
			name = Products;
			sourceTree = "<group>";
		};
		68992FA7267451F900AAB249 /* RESTClientApp */ = {
			isa = PBXGroup;
			children = (
				68992FBC267453EA00AAB249 /* Model */,
				68992FA8267451F900AAB249 /* AppDelegate.swift */,
				68992FAA267451F900AAB249 /* SceneDelegate.swift */,
				68992FAC267451F900AAB249 /* ViewController.swift */,
				68992FAE267451F900AAB249 /* Main.storyboard */,
				68992FB1267451FA00AAB249 /* Assets.xcassets */,
				68992FB3267451FA00AAB249 /* LaunchScreen.storyboard */,
				68992FB6267451FA00AAB249 /* Info.plist */,
				6871E95426799ADA002022BF /* country-array.plist */,
				6871E9582679AAA6002022BF /* city-array-dict.plist */,
				6871E95626799B5B002022BF /* country-dict List.plist */,
			);
			path = RESTClientApp;
			sourceTree = "<group>";
		};
		68992FBC267453EA00AAB249 /* Model */ = {
			isa = PBXGroup;
			children = (
				68992FBD2674542100AAB249 /* Country.swift */,
				68992FBF2674552800AAB249 /* CountryAPI.swift */,
				6829ED2C26BE17C800CC79CE /* MealCategoryResponse.swift */,
				6829ED2E26BE196B00CC79CE /* TheMealDbApi.swift */,
			);
			path = Model;
			sourceTree = "<group>";
		};
/* End PBXGroup section */

/* Begin PBXNativeTarget section */
		68992FA4267451F900AAB249 /* RESTClientApp */ = {
			isa = PBXNativeTarget;
			buildConfigurationList = 68992FB9267451FA00AAB249 /* Build configuration list for PBXNativeTarget "RESTClientApp" */;
			buildPhases = (
				68992FA1267451F900AAB249 /* Sources */,
				68992FA2267451F900AAB249 /* Frameworks */,
				68992FA3267451F900AAB249 /* Resources */,
			);
			buildRules = (
			);
			dependencies = (
			);
			name = RESTClientApp;
			productName = RESTClientApp;
			productReference = 68992FA5267451F900AAB249 /* RESTClientApp.app */;
			productType = "com.apple.product-type.application";
		};
/* End PBXNativeTarget section */

/* Begin PBXProject section */
		68992F9D267451F900AAB249 /* Project object */ = {
			isa = PBXProject;
			attributes = {
				LastSwiftUpdateCheck = 1250;
				LastUpgradeCheck = 1250;
				TargetAttributes = {
					68992FA4267451F900AAB249 = {
						CreatedOnToolsVersion = 12.5;
					};
				};
			};
			buildConfigurationList = 68992FA0267451F900AAB249 /* Build configuration list for PBXProject "RESTClientApp" */;
			compatibilityVersion = "Xcode 9.3";
			developmentRegion = en;
			hasScannedForEncodings = 0;
			knownRegions = (
				en,
				Base,
			);
			mainGroup = 68992F9C267451F900AAB249;
			productRefGroup = 68992FA6267451F900AAB249 /* Products */;
			projectDirPath = "";
			projectRoot = "";
			targets = (
				68992FA4267451F900AAB249 /* RESTClientApp */,
			);
		};
/* End PBXProject section */

/* Begin PBXResourcesBuildPhase section */
		68992FA3267451F900AAB249 /* Resources */ = {
			isa = PBXResourcesBuildPhase;
			buildActionMask = 2147483647;
			files = (
				68992FB5267451FA00AAB249 /* LaunchScreen.storyboard in Resources */,
				6871E9592679AAA6002022BF /* city-array-dict.plist in Resources */,
				68992FB2267451FA00AAB249 /* Assets.xcassets in Resources */,
				68992FB0267451F900AAB249 /* Main.storyboard in Resources */,
				6871E95526799ADA002022BF /* country-array.plist in Resources */,
				6871E95726799B5B002022BF /* country-dict List.plist in Resources */,
			);
			runOnlyForDeploymentPostprocessing = 0;
		};
/* End PBXResourcesBuildPhase section */

/* Begin PBXSourcesBuildPhase section */
		68992FA1267451F900AAB249 /* Sources */ = {
			isa = PBXSourcesBuildPhase;
			buildActionMask = 2147483647;
			files = (
				68992FBE2674542100AAB249 /* Country.swift in Sources */,
				68992FAD267451F900AAB249 /* ViewController.swift in Sources */,
				68992FA9267451F900AAB249 /* AppDelegate.swift in Sources */,
				68992FC02674552800AAB249 /* CountryAPI.swift in Sources */,
				68992FAB267451F900AAB249 /* SceneDelegate.swift in Sources */,
				6829ED2D26BE17C800CC79CE /* MealCategoryResponse.swift in Sources */,
				6829ED2F26BE196B00CC79CE /* TheMealDbApi.swift in Sources */,
			);
			runOnlyForDeploymentPostprocessing = 0;
		};
/* End PBXSourcesBuildPhase section */

/* Begin PBXVariantGroup section */
		68992FAE267451F900AAB249 /* Main.storyboard */ = {
			isa = PBXVariantGroup;
			children = (
				68992FAF267451F900AAB249 /* Base */,
			);
			name = Main.storyboard;
			sourceTree = "<group>";
		};
		68992FB3267451FA00AAB249 /* LaunchScreen.storyboard */ = {
			isa = PBXVariantGroup;
			children = (
				68992FB4267451FA00AAB249 /* Base */,
			);
			name = LaunchScreen.storyboard;
			sourceTree = "<group>";
		};
/* End PBXVariantGroup section */

/* Begin XCBuildConfiguration section */
		68992FB7267451FA00AAB249 /* Debug */ = {
			isa = XCBuildConfiguration;
			buildSettings = {
				ALWAYS_SEARCH_USER_PATHS = NO;
				CLANG_ANALYZER_NONNULL = YES;
				CLANG_ANALYZER_NUMBER_OBJECT_CONVERSION = YES_AGGRESSIVE;
				CLANG_CXX_LANGUAGE_STANDARD = "gnu++14";
				CLANG_CXX_LIBRARY = "libc++";
				CLANG_ENABLE_MODULES = YES;
				CLANG_ENABLE_OBJC_ARC = YES;
				CLANG_ENABLE_OBJC_WEAK = YES;
				CLANG_WARN_BLOCK_CAPTURE_AUTORELEASING = YES;
				CLANG_WARN_BOOL_CONVERSION = YES;
				CLANG_WARN_COMMA = YES;
				CLANG_WARN_CONSTANT_CONVERSION = YES;
				CLANG_WARN_DEPRECATED_OBJC_IMPLEMENTATIONS = YES;
				CLANG_WARN_DIRECT_OBJC_ISA_USAGE = YES_ERROR;
				CLANG_WARN_DOCUMENTATION_COMMENTS = YES;
				CLANG_WARN_EMPTY_BODY = YES;
				CLANG_WARN_ENUM_CONVERSION = YES;
				CLANG_WARN_INFINITE_RECURSION = YES;
				CLANG_WARN_INT_CONVERSION = YES;
				CLANG_WARN_NON_LITERAL_NULL_CONVERSION = YES;
				CLANG_WARN_OBJC_IMPLICIT_RETAIN_SELF = YES;
				CLANG_WARN_OBJC_LITERAL_CONVERSION = YES;
				CLANG_WARN_OBJC_ROOT_CLASS = YES_ERROR;
				CLANG_WARN_QUOTED_INCLUDE_IN_FRAMEWORK_HEADER = YES;
				CLANG_WARN_RANGE_LOOP_ANALYSIS = YES;
				CLANG_WARN_STRICT_PROTOTYPES = YES;
				CLANG_WARN_SUSPICIOUS_MOVE = YES;
				CLANG_WARN_UNGUARDED_AVAILABILITY = YES_AGGRESSIVE;
				CLANG_WARN_UNREACHABLE_CODE = YES;
				CLANG_WARN__DUPLICATE_METHOD_MATCH = YES;
				COPY_PHASE_STRIP = NO;
				DEBUG_INFORMATION_FORMAT = dwarf;
				ENABLE_STRICT_OBJC_MSGSEND = YES;
				ENABLE_TESTABILITY = YES;
				GCC_C_LANGUAGE_STANDARD = gnu11;
				GCC_DYNAMIC_NO_PIC = NO;
				GCC_NO_COMMON_BLOCKS = YES;
				GCC_OPTIMIZATION_LEVEL = 0;
				GCC_PREPROCESSOR_DEFINITIONS = (
					"DEBUG=1",
					"$(inherited)",
				);
				GCC_WARN_64_TO_32_BIT_CONVERSION = YES;
				GCC_WARN_ABOUT_RETURN_TYPE = YES_ERROR;
				GCC_WARN_UNDECLARED_SELECTOR = YES;
				GCC_WARN_UNINITIALIZED_AUTOS = YES_AGGRESSIVE;
				GCC_WARN_UNUSED_FUNCTION = YES;
				GCC_WARN_UNUSED_VARIABLE = YES;
				IPHONEOS_DEPLOYMENT_TARGET = 14.5;
				MTL_ENABLE_DEBUG_INFO = INCLUDE_SOURCE;
				MTL_FAST_MATH = YES;
				ONLY_ACTIVE_ARCH = YES;
				SDKROOT = iphoneos;
				SWIFT_ACTIVE_COMPILATION_CONDITIONS = DEBUG;
				SWIFT_OPTIMIZATION_LEVEL = "-Onone";
			};
			name = Debug;
		};
		68992FB8267451FA00AAB249 /* Release */ = {
			isa = XCBuildConfiguration;
			buildSettings = {
				ALWAYS_SEARCH_USER_PATHS = NO;
				CLANG_ANALYZER_NONNULL = YES;
				CLANG_ANALYZER_NUMBER_OBJECT_CONVERSION = YES_AGGRESSIVE;
				CLANG_CXX_LANGUAGE_STANDARD = "gnu++14";
				CLANG_CXX_LIBRARY = "libc++";
				CLANG_ENABLE_MODULES = YES;
				CLANG_ENABLE_OBJC_ARC = YES;
				CLANG_ENABLE_OBJC_WEAK = YES;
				CLANG_WARN_BLOCK_CAPTURE_AUTORELEASING = YES;
				CLANG_WARN_BOOL_CONVERSION = YES;
				CLANG_WARN_COMMA = YES;
				CLANG_WARN_CONSTANT_CONVERSION = YES;
				CLANG_WARN_DEPRECATED_OBJC_IMPLEMENTATIONS = YES;
				CLANG_WARN_DIRECT_OBJC_ISA_USAGE = YES_ERROR;
				CLANG_WARN_DOCUMENTATION_COMMENTS = YES;
				CLANG_WARN_EMPTY_BODY = YES;
				CLANG_WARN_ENUM_CONVERSION = YES;
				CLANG_WARN_INFINITE_RECURSION = YES;
				CLANG_WARN_INT_CONVERSION = YES;
				CLANG_WARN_NON_LITERAL_NULL_CONVERSION = YES;
				CLANG_WARN_OBJC_IMPLICIT_RETAIN_SELF = YES;
				CLANG_WARN_OBJC_LITERAL_CONVERSION = YES;
				CLANG_WARN_OBJC_ROOT_CLASS = YES_ERROR;
				CLANG_WARN_QUOTED_INCLUDE_IN_FRAMEWORK_HEADER = YES;
				CLANG_WARN_RANGE_LOOP_ANALYSIS = YES;
				CLANG_WARN_STRICT_PROTOTYPES = YES;
				CLANG_WARN_SUSPICIOUS_MOVE = YES;
				CLANG_WARN_UNGUARDED_AVAILABILITY = YES_AGGRESSIVE;
				CLANG_WARN_UNREACHABLE_CODE = YES;
				CLANG_WARN__DUPLICATE_METHOD_MATCH = YES;
				COPY_PHASE_STRIP = NO;
				DEBUG_INFORMATION_FORMAT = "dwarf-with-dsym";
				ENABLE_NS_ASSERTIONS = NO;
				ENABLE_STRICT_OBJC_MSGSEND = YES;
				GCC_C_LANGUAGE_STANDARD = gnu11;
				GCC_NO_COMMON_BLOCKS = YES;
				GCC_WARN_64_TO_32_BIT_CONVERSION = YES;
				GCC_WARN_ABOUT_RETURN_TYPE = YES_ERROR;
				GCC_WARN_UNDECLARED_SELECTOR = YES;
				GCC_WARN_UNINITIALIZED_AUTOS = YES_AGGRESSIVE;
				GCC_WARN_UNUSED_FUNCTION = YES;
				GCC_WARN_UNUSED_VARIABLE = YES;
				IPHONEOS_DEPLOYMENT_TARGET = 14.5;
				MTL_ENABLE_DEBUG_INFO = NO;
				MTL_FAST_MATH = YES;
				SDKROOT = iphoneos;
				SWIFT_COMPILATION_MODE = wholemodule;
				SWIFT_OPTIMIZATION_LEVEL = "-O";
				VALIDATE_PRODUCT = YES;
			};
			name = Release;
		};
		68992FBA267451FA00AAB249 /* Debug */ = {
			isa = XCBuildConfiguration;
			buildSettings = {
				ASSETCATALOG_COMPILER_APPICON_NAME = AppIcon;
				ASSETCATALOG_COMPILER_GLOBAL_ACCENT_COLOR_NAME = AccentColor;
				CODE_SIGN_STYLE = Automatic;
				INFOPLIST_FILE = RESTClientApp/Info.plist;
				LD_RUNPATH_SEARCH_PATHS = (
					"$(inherited)",
					"@executable_path/Frameworks",
				);
				PRODUCT_BUNDLE_IDENTIFIER = ca.nait.dmit.cpsc1519.RESTClientApp;
				PRODUCT_NAME = "$(TARGET_NAME)";
				SWIFT_VERSION = 5.0;
				TARGETED_DEVICE_FAMILY = "1,2";
			};
			name = Debug;
		};
		68992FBB267451FA00AAB249 /* Release */ = {
			isa = XCBuildConfiguration;
			buildSettings = {
				ASSETCATALOG_COMPILER_APPICON_NAME = AppIcon;
				ASSETCATALOG_COMPILER_GLOBAL_ACCENT_COLOR_NAME = AccentColor;
				CODE_SIGN_STYLE = Automatic;
				INFOPLIST_FILE = RESTClientApp/Info.plist;
				LD_RUNPATH_SEARCH_PATHS = (
					"$(inherited)",
					"@executable_path/Frameworks",
				);
				PRODUCT_BUNDLE_IDENTIFIER = ca.nait.dmit.cpsc1519.RESTClientApp;
				PRODUCT_NAME = "$(TARGET_NAME)";
				SWIFT_VERSION = 5.0;
				TARGETED_DEVICE_FAMILY = "1,2";
			};
			name = Release;
		};
/* End XCBuildConfiguration section */

/* Begin XCConfigurationList section */
		68992FA0267451F900AAB249 /* Build configuration list for PBXProject "RESTClientApp" */ = {
			isa = XCConfigurationList;
			buildConfigurations = (
				68992FB7267451FA00AAB249 /* Debug */,
				68992FB8267451FA00AAB249 /* Release */,
			);
			defaultConfigurationIsVisible = 0;
			defaultConfigurationName = Release;
		};
		68992FB9267451FA00AAB249 /* Build configuration list for PBXNativeTarget "RESTClientApp" */ = {
			isa = XCConfigurationList;
			buildConfigurations = (
				68992FBA267451FA00AAB249 /* Debug */,
				68992FBB267451FA00AAB249 /* Release */,
			);
			defaultConfigurationIsVisible = 0;
			defaultConfigurationName = Release;
		};
/* End XCConfigurationList section */
	};
	rootObject = 68992F9D267451F900AAB249 /* Project object */;
}
