// !$*UTF8*$!
{
	archiveVersion = 1;
	classes = {
	};
	objectVersion = 50;
	objects = {

/* Begin PBXBuildFile section */
		68FDFC6D269FC6D100BE9CB8 /* AppDelegate.swift in Sources */ = {isa = PBXBuildFile; fileRef = 68FDFC6C269FC6D100BE9CB8 /* AppDelegate.swift */; };
		68FDFC6F269FC6D100BE9CB8 /* SceneDelegate.swift in Sources */ = {isa = PBXBuildFile; fileRef = 68FDFC6E269FC6D100BE9CB8 /* SceneDelegate.swift */; };
		68FDFC71269FC6D100BE9CB8 /* ViewController.swift in Sources */ = {isa = PBXBuildFile; fileRef = 68FDFC70269FC6D100BE9CB8 /* ViewController.swift */; };
		68FDFC74269FC6D100BE9CB8 /* Main.storyboard in Resources */ = {isa = PBXBuildFile; fileRef = 68FDFC72269FC6D100BE9CB8 /* Main.storyboard */; };
		68FDFC76269FC6D200BE9CB8 /* Assets.xcassets in Resources */ = {isa = PBXBuildFile; fileRef = 68FDFC75269FC6D200BE9CB8 /* Assets.xcassets */; };
		68FDFC79269FC6D200BE9CB8 /* LaunchScreen.storyboard in Resources */ = {isa = PBXBuildFile; fileRef = 68FDFC77269FC6D200BE9CB8 /* LaunchScreen.storyboard */; };
		68FDFC85269FC82200BE9CB8 /* Settings.bundle in Resources */ = {isa = PBXBuildFile; fileRef = 68FDFC84269FC82200BE9CB8 /* Settings.bundle */; };
/* End PBXBuildFile section */

/* Begin PBXFileReference section */
		68FDFC69269FC6D100BE9CB8 /* UserDefaultsDemoApp.app */ = {isa = PBXFileReference; explicitFileType = wrapper.application; includeInIndex = 0; path = UserDefaultsDemoApp.app; sourceTree = BUILT_PRODUCTS_DIR; };
		68FDFC6C269FC6D100BE9CB8 /* AppDelegate.swift */ = {isa = PBXFileReference; lastKnownFileType = sourcecode.swift; path = AppDelegate.swift; sourceTree = "<group>"; };
		68FDFC6E269FC6D100BE9CB8 /* SceneDelegate.swift */ = {isa = PBXFileReference; lastKnownFileType = sourcecode.swift; path = SceneDelegate.swift; sourceTree = "<group>"; };
		68FDFC70269FC6D100BE9CB8 /* ViewController.swift */ = {isa = PBXFileReference; lastKnownFileType = sourcecode.swift; path = ViewController.swift; sourceTree = "<group>"; };
		68FDFC73269FC6D100BE9CB8 /* Base */ = {isa = PBXFileReference; lastKnownFileType = file.storyboard; name = Base; path = Base.lproj/Main.storyboard; sourceTree = "<group>"; };
		68FDFC75269FC6D200BE9CB8 /* Assets.xcassets */ = {isa = PBXFileReference; lastKnownFileType = folder.assetcatalog; path = Assets.xcassets; sourceTree = "<group>"; };
		68FDFC78269FC6D200BE9CB8 /* Base */ = {isa = PBXFileReference; lastKnownFileType = file.storyboard; name = Base; path = Base.lproj/LaunchScreen.storyboard; sourceTree = "<group>"; };
		68FDFC7A269FC6D200BE9CB8 /* Info.plist */ = {isa = PBXFileReference; lastKnownFileType = text.plist.xml; path = Info.plist; sourceTree = "<group>"; };
		68FDFC84269FC82200BE9CB8 /* Settings.bundle */ = {isa = PBXFileReference; lastKnownFileType = "wrapper.plug-in"; path = Settings.bundle; sourceTree = "<group>"; };
/* End PBXFileReference section */

/* Begin PBXFrameworksBuildPhase section */
		68FDFC66269FC6D100BE9CB8 /* Frameworks */ = {
			isa = PBXFrameworksBuildPhase;
			buildActionMask = 2147483647;
			files = (
			);
			runOnlyForDeploymentPostprocessing = 0;
		};
/* End PBXFrameworksBuildPhase section */

/* Begin PBXGroup section */
		68FDFC60269FC6D100BE9CB8 = {
			isa = PBXGroup;
			children = (
				68FDFC6B269FC6D100BE9CB8 /* UserDefaultsDemoApp */,
				68FDFC6A269FC6D100BE9CB8 /* Products */,
			);
			sourceTree = "<group>";
		};
		68FDFC6A269FC6D100BE9CB8 /* Products */ = {
			isa = PBXGroup;
			children = (
				68FDFC69269FC6D100BE9CB8 /* UserDefaultsDemoApp.app */,
			);
			name = Products;
			sourceTree = "<group>";
		};
		68FDFC6B269FC6D100BE9CB8 /* UserDefaultsDemoApp */ = {
			isa = PBXGroup;
			children = (
				68FDFC83269FC76E00BE9CB8 /* Resources */,
				68FDFC82269FC74900BE9CB8 /* Controller */,
				68FDFC81269FC73500BE9CB8 /* View */,
				68FDFC80269FC71C00BE9CB8 /* Model */,
				68FDFC6C269FC6D100BE9CB8 /* AppDelegate.swift */,
				68FDFC6E269FC6D100BE9CB8 /* SceneDelegate.swift */,
				68FDFC70269FC6D100BE9CB8 /* ViewController.swift */,
				68FDFC72269FC6D100BE9CB8 /* Main.storyboard */,
				68FDFC75269FC6D200BE9CB8 /* Assets.xcassets */,
				68FDFC77269FC6D200BE9CB8 /* LaunchScreen.storyboard */,
				68FDFC7A269FC6D200BE9CB8 /* Info.plist */,
			);
			path = UserDefaultsDemoApp;
			sourceTree = "<group>";
		};
		68FDFC80269FC71C00BE9CB8 /* Model */ = {
			isa = PBXGroup;
			children = (
			);
			path = Model;
			sourceTree = "<group>";
		};
		68FDFC81269FC73500BE9CB8 /* View */ = {
			isa = PBXGroup;
			children = (
			);
			path = View;
			sourceTree = "<group>";
		};
		68FDFC82269FC74900BE9CB8 /* Controller */ = {
			isa = PBXGroup;
			children = (
			);
			path = Controller;
			sourceTree = "<group>";
		};
		68FDFC83269FC76E00BE9CB8 /* Resources */ = {
			isa = PBXGroup;
			children = (
				68FDFC84269FC82200BE9CB8 /* Settings.bundle */,
			);
			path = Resources;
			sourceTree = "<group>";
		};
/* End PBXGroup section */

/* Begin PBXNativeTarget section */
		68FDFC68269FC6D100BE9CB8 /* UserDefaultsDemoApp */ = {
			isa = PBXNativeTarget;
			buildConfigurationList = 68FDFC7D269FC6D200BE9CB8 /* Build configuration list for PBXNativeTarget "UserDefaultsDemoApp" */;
			buildPhases = (
				68FDFC65269FC6D100BE9CB8 /* Sources */,
				68FDFC66269FC6D100BE9CB8 /* Frameworks */,
				68FDFC67269FC6D100BE9CB8 /* Resources */,
			);
			buildRules = (
			);
			dependencies = (
			);
			name = UserDefaultsDemoApp;
			productName = UserDefaultsDemoApp;
			productReference = 68FDFC69269FC6D100BE9CB8 /* UserDefaultsDemoApp.app */;
			productType = "com.apple.product-type.application";
		};
/* End PBXNativeTarget section */

/* Begin PBXProject section */
		68FDFC61269FC6D100BE9CB8 /* Project object */ = {
			isa = PBXProject;
			attributes = {
				LastSwiftUpdateCheck = 1250;
				LastUpgradeCheck = 1250;
				TargetAttributes = {
					68FDFC68269FC6D100BE9CB8 = {
						CreatedOnToolsVersion = 12.5.1;
					};
				};
			};
			buildConfigurationList = 68FDFC64269FC6D100BE9CB8 /* Build configuration list for PBXProject "UserDefaultsDemoApp" */;
			compatibilityVersion = "Xcode 9.3";
			developmentRegion = en;
			hasScannedForEncodings = 0;
			knownRegions = (
				en,
				Base,
			);
			mainGroup = 68FDFC60269FC6D100BE9CB8;
			productRefGroup = 68FDFC6A269FC6D100BE9CB8 /* Products */;
			projectDirPath = "";
			projectRoot = "";
			targets = (
				68FDFC68269FC6D100BE9CB8 /* UserDefaultsDemoApp */,
			);
		};
/* End PBXProject section */

/* Begin PBXResourcesBuildPhase section */
		68FDFC67269FC6D100BE9CB8 /* Resources */ = {
			isa = PBXResourcesBuildPhase;
			buildActionMask = 2147483647;
			files = (
				68FDFC85269FC82200BE9CB8 /* Settings.bundle in Resources */,
				68FDFC79269FC6D200BE9CB8 /* LaunchScreen.storyboard in Resources */,
				68FDFC76269FC6D200BE9CB8 /* Assets.xcassets in Resources */,
				68FDFC74269FC6D100BE9CB8 /* Main.storyboard in Resources */,
			);
			runOnlyForDeploymentPostprocessing = 0;
		};
/* End PBXResourcesBuildPhase section */

/* Begin PBXSourcesBuildPhase section */
		68FDFC65269FC6D100BE9CB8 /* Sources */ = {
			isa = PBXSourcesBuildPhase;
			buildActionMask = 2147483647;
			files = (
				68FDFC71269FC6D100BE9CB8 /* ViewController.swift in Sources */,
				68FDFC6D269FC6D100BE9CB8 /* AppDelegate.swift in Sources */,
				68FDFC6F269FC6D100BE9CB8 /* SceneDelegate.swift in Sources */,
			);
			runOnlyForDeploymentPostprocessing = 0;
		};
/* End PBXSourcesBuildPhase section */

/* Begin PBXVariantGroup section */
		68FDFC72269FC6D100BE9CB8 /* Main.storyboard */ = {
			isa = PBXVariantGroup;
			children = (
				68FDFC73269FC6D100BE9CB8 /* Base */,
			);
			name = Main.storyboard;
			sourceTree = "<group>";
		};
		68FDFC77269FC6D200BE9CB8 /* LaunchScreen.storyboard */ = {
			isa = PBXVariantGroup;
			children = (
				68FDFC78269FC6D200BE9CB8 /* Base */,
			);
			name = LaunchScreen.storyboard;
			sourceTree = "<group>";
		};
/* End PBXVariantGroup section */

/* Begin XCBuildConfiguration section */
		68FDFC7B269FC6D200BE9CB8 /* Debug */ = {
			isa = XCBuildConfiguration;
			buildSettings = {
				ALWAYS_SEARCH_USER_PATHS = NO;
				CLANG_ANALYZER_NONNULL = YES;
				CLANG_ANALYZER_NUMBER_OBJECT_CONVERSION = YES_AGGRESSIVE;
				CLANG_CXX_LANGUAGE_STANDARD = "gnu++14";
				CLANG_CXX_LIBRARY = "libc++";
				CLANG_ENABLE_MODULES = YES;
				CLANG_ENABLE_OBJC_ARC = YES;
				CLANG_ENABLE_OBJC_WEAK = YES;
				CLANG_WARN_BLOCK_CAPTURE_AUTORELEASING = YES;
				CLANG_WARN_BOOL_CONVERSION = YES;
				CLANG_WARN_COMMA = YES;
				CLANG_WARN_CONSTANT_CONVERSION = YES;
				CLANG_WARN_DEPRECATED_OBJC_IMPLEMENTATIONS = YES;
				CLANG_WARN_DIRECT_OBJC_ISA_USAGE = YES_ERROR;
				CLANG_WARN_DOCUMENTATION_COMMENTS = YES;
				CLANG_WARN_EMPTY_BODY = YES;
				CLANG_WARN_ENUM_CONVERSION = YES;
				CLANG_WARN_INFINITE_RECURSION = YES;
				CLANG_WARN_INT_CONVERSION = YES;
				CLANG_WARN_NON_LITERAL_NULL_CONVERSION = YES;
				CLANG_WARN_OBJC_IMPLICIT_RETAIN_SELF = YES;
				CLANG_WARN_OBJC_LITERAL_CONVERSION = YES;
				CLANG_WARN_OBJC_ROOT_CLASS = YES_ERROR;
				CLANG_WARN_QUOTED_INCLUDE_IN_FRAMEWORK_HEADER = YES;
				CLANG_WARN_RANGE_LOOP_ANALYSIS = YES;
				CLANG_WARN_STRICT_PROTOTYPES = YES;
				CLANG_WARN_SUSPICIOUS_MOVE = YES;
				CLANG_WARN_UNGUARDED_AVAILABILITY = YES_AGGRESSIVE;
				CLANG_WARN_UNREACHABLE_CODE = YES;
				CLANG_WARN__DUPLICATE_METHOD_MATCH = YES;
				COPY_PHASE_STRIP = NO;
				DEBUG_INFORMATION_FORMAT = dwarf;
				ENABLE_STRICT_OBJC_MSGSEND = YES;
				ENABLE_TESTABILITY = YES;
				GCC_C_LANGUAGE_STANDARD = gnu11;
				GCC_DYNAMIC_NO_PIC = NO;
				GCC_NO_COMMON_BLOCKS = YES;
				GCC_OPTIMIZATION_LEVEL = 0;
				GCC_PREPROCESSOR_DEFINITIONS = (
					"DEBUG=1",
					"$(inherited)",
				);
				GCC_WARN_64_TO_32_BIT_CONVERSION = YES;
				GCC_WARN_ABOUT_RETURN_TYPE = YES_ERROR;
				GCC_WARN_UNDECLARED_SELECTOR = YES;
				GCC_WARN_UNINITIALIZED_AUTOS = YES_AGGRESSIVE;
				GCC_WARN_UNUSED_FUNCTION = YES;
				GCC_WARN_UNUSED_VARIABLE = YES;
				IPHONEOS_DEPLOYMENT_TARGET = 14.5;
				MTL_ENABLE_DEBUG_INFO = INCLUDE_SOURCE;
				MTL_FAST_MATH = YES;
				ONLY_ACTIVE_ARCH = YES;
				SDKROOT = iphoneos;
				SWIFT_ACTIVE_COMPILATION_CONDITIONS = DEBUG;
				SWIFT_OPTIMIZATION_LEVEL = "-Onone";
			};
			name = Debug;
		};
		68FDFC7C269FC6D200BE9CB8 /* Release */ = {
			isa = XCBuildConfiguration;
			buildSettings = {
				ALWAYS_SEARCH_USER_PATHS = NO;
				CLANG_ANALYZER_NONNULL = YES;
				CLANG_ANALYZER_NUMBER_OBJECT_CONVERSION = YES_AGGRESSIVE;
				CLANG_CXX_LANGUAGE_STANDARD = "gnu++14";
				CLANG_CXX_LIBRARY = "libc++";
				CLANG_ENABLE_MODULES = YES;
				CLANG_ENABLE_OBJC_ARC = YES;
				CLANG_ENABLE_OBJC_WEAK = YES;
				CLANG_WARN_BLOCK_CAPTURE_AUTORELEASING = YES;
				CLANG_WARN_BOOL_CONVERSION = YES;
				CLANG_WARN_COMMA = YES;
				CLANG_WARN_CONSTANT_CONVERSION = YES;
				CLANG_WARN_DEPRECATED_OBJC_IMPLEMENTATIONS = YES;
				CLANG_WARN_DIRECT_OBJC_ISA_USAGE = YES_ERROR;
				CLANG_WARN_DOCUMENTATION_COMMENTS = YES;
				CLANG_WARN_EMPTY_BODY = YES;
				CLANG_WARN_ENUM_CONVERSION = YES;
				CLANG_WARN_INFINITE_RECURSION = YES;
				CLANG_WARN_INT_CONVERSION = YES;
				CLANG_WARN_NON_LITERAL_NULL_CONVERSION = YES;
				CLANG_WARN_OBJC_IMPLICIT_RETAIN_SELF = YES;
				CLANG_WARN_OBJC_LITERAL_CONVERSION = YES;
				CLANG_WARN_OBJC_ROOT_CLASS = YES_ERROR;
				CLANG_WARN_QUOTED_INCLUDE_IN_FRAMEWORK_HEADER = YES;
				CLANG_WARN_RANGE_LOOP_ANALYSIS = YES;
				CLANG_WARN_STRICT_PROTOTYPES = YES;
				CLANG_WARN_SUSPICIOUS_MOVE = YES;
				CLANG_WARN_UNGUARDED_AVAILABILITY = YES_AGGRESSIVE;
				CLANG_WARN_UNREACHABLE_CODE = YES;
				CLANG_WARN__DUPLICATE_METHOD_MATCH = YES;
				COPY_PHASE_STRIP = NO;
				DEBUG_INFORMATION_FORMAT = "dwarf-with-dsym";
				ENABLE_NS_ASSERTIONS = NO;
				ENABLE_STRICT_OBJC_MSGSEND = YES;
				GCC_C_LANGUAGE_STANDARD = gnu11;
				GCC_NO_COMMON_BLOCKS = YES;
				GCC_WARN_64_TO_32_BIT_CONVERSION = YES;
				GCC_WARN_ABOUT_RETURN_TYPE = YES_ERROR;
				GCC_WARN_UNDECLARED_SELECTOR = YES;
				GCC_WARN_UNINITIALIZED_AUTOS = YES_AGGRESSIVE;
				GCC_WARN_UNUSED_FUNCTION = YES;
				GCC_WARN_UNUSED_VARIABLE = YES;
				IPHONEOS_DEPLOYMENT_TARGET = 14.5;
				MTL_ENABLE_DEBUG_INFO = NO;
				MTL_FAST_MATH = YES;
				SDKROOT = iphoneos;
				SWIFT_COMPILATION_MODE = wholemodule;
				SWIFT_OPTIMIZATION_LEVEL = "-O";
				VALIDATE_PRODUCT = YES;
			};
			name = Release;
		};
		68FDFC7E269FC6D200BE9CB8 /* Debug */ = {
			isa = XCBuildConfiguration;
			buildSettings = {
				ASSETCATALOG_COMPILER_APPICON_NAME = AppIcon;
				ASSETCATALOG_COMPILER_GLOBAL_ACCENT_COLOR_NAME = AccentColor;
				CODE_SIGN_STYLE = Automatic;
				INFOPLIST_FILE = UserDefaultsDemoApp/Info.plist;
				LD_RUNPATH_SEARCH_PATHS = (
					"$(inherited)",
					"@executable_path/Frameworks",
				);
				PRODUCT_BUNDLE_IDENTIFIER = ca.nait.dmit.cpsc1519.UserDefaultsDemoApp;
				PRODUCT_NAME = "$(TARGET_NAME)";
				SWIFT_VERSION = 5.0;
				TARGETED_DEVICE_FAMILY = "1,2";
			};
			name = Debug;
		};
		68FDFC7F269FC6D200BE9CB8 /* Release */ = {
			isa = XCBuildConfiguration;
			buildSettings = {
				ASSETCATALOG_COMPILER_APPICON_NAME = AppIcon;
				ASSETCATALOG_COMPILER_GLOBAL_ACCENT_COLOR_NAME = AccentColor;
				CODE_SIGN_STYLE = Automatic;
				INFOPLIST_FILE = UserDefaultsDemoApp/Info.plist;
				LD_RUNPATH_SEARCH_PATHS = (
					"$(inherited)",
					"@executable_path/Frameworks",
				);
				PRODUCT_BUNDLE_IDENTIFIER = ca.nait.dmit.cpsc1519.UserDefaultsDemoApp;
				PRODUCT_NAME = "$(TARGET_NAME)";
				SWIFT_VERSION = 5.0;
				TARGETED_DEVICE_FAMILY = "1,2";
			};
			name = Release;
		};
/* End XCBuildConfiguration section */

/* Begin XCConfigurationList section */
		68FDFC64269FC6D100BE9CB8 /* Build configuration list for PBXProject "UserDefaultsDemoApp" */ = {
			isa = XCConfigurationList;
			buildConfigurations = (
				68FDFC7B269FC6D200BE9CB8 /* Debug */,
				68FDFC7C269FC6D200BE9CB8 /* Release */,
			);
			defaultConfigurationIsVisible = 0;
			defaultConfigurationName = Release;
		};
		68FDFC7D269FC6D200BE9CB8 /* Build configuration list for PBXNativeTarget "UserDefaultsDemoApp" */ = {
			isa = XCConfigurationList;
			buildConfigurations = (
				68FDFC7E269FC6D200BE9CB8 /* Debug */,
				68FDFC7F269FC6D200BE9CB8 /* Release */,
			);
			defaultConfigurationIsVisible = 0;
			defaultConfigurationName = Release;
		};
/* End XCConfigurationList section */
	};
	rootObject = 68FDFC61269FC6D100BE9CB8 /* Project object */;
}
